# This file is automatically @generated by Cargo.
# It is not intended for manual editing.
version = 4

[[package]]
name = "async-std"
version = "0.0.0"

[[package]]
name = "hyper-util"
version = "0.0.0"

[[package]]
name = "xtask-fixture-dirty-dep-hyphenated"
version = "0.0.0"
dependencies = [
 "async-std",
 "hyper-util",
]
